
Microsoft Visual Studio Solution File, Format Version 11.00
# Visual Studio 2010
Project("{FAE04EC0-301F-11D3-BF4B-00C04F79EFBC}") = "dynamic_examples", "dynamic_examples\dynamic_examples.csproj", "{3EAFC3EB-9C30-40E5-956B-3E17FB7678F1}"
EndProject
Global
	GlobalSection(SolutionConfigurationPlatforms) = preSolution
		Debug|x86 = Debug|x86
		Release|x86 = Release|x86
	EndGlobalSection
	GlobalSection(ProjectConfigurationPlatforms) = postSolution
		{3EAFC3EB-9C30-40E5-956B-3E17FB7678F1}.Debug|x86.ActiveCfg = Debug|x86
		{3EAFC3EB-9C30-40E5-956B-3E17FB7678F1}.Debug|x86.Build.0 = Debug|x86
		{3EAFC3EB-9C30-40E5-956B-3E17FB7678F1}.Release|x86.ActiveCfg = Release|x86
		{3EAFC3EB-9C30-40E5-956B-3E17FB7678F1}.Release|x86.Build.0 = Release|x86
	EndGlobalSection
	GlobalSection(SolutionProperties) = preSolution
		HideSolutionNode = FALSE
	EndGlobalSection
EndGlobal
